
Microsoft Visual Studio Solution File, Format Version 12.00
# Visual Studio Version 17
VisualStudioVersion = 17.13.35828.75 d17.13
MinimumVisualStudioVersion = 10.0.40219.1
Project("{FAE04EC0-301F-11D3-BF4B-00C04F79EFBC}") = "EmergencyStopFunction", "EmergencyStopFunction\EmergencyStopFunction.csproj", "{6CB1B20A-C941-4BBA-B92B-9532F64AED92}"
EndProject
Global
	GlobalSection(SolutionConfigurationPlatforms) = preSolution
		Debug|Any CPU = Debug|Any CPU
		Release|Any CPU = Release|Any CPU
	EndGlobalSection
	GlobalSection(ProjectConfigurationPlatforms) = postSolution
		{6CB1B20A-C941-4BBA-B92B-9532F64AED92}.Debug|Any CPU.ActiveCfg = Debug|Any CPU
		{6CB1B20A-C941-4BBA-B92B-9532F64AED92}.Debug|Any CPU.Build.0 = Debug|Any CPU
		{6CB1B20A-C941-4BBA-B92B-9532F64AED92}.Release|Any CPU.ActiveCfg = Release|Any CPU
		{6CB1B20A-C941-4BBA-B92B-9532F64AED92}.Release|Any CPU.Build.0 = Release|Any CPU
	EndGlobalSection
	GlobalSection(SolutionProperties) = preSolution
		HideSolutionNode = FALSE
	EndGlobalSection
	GlobalSection(ExtensibilityGlobals) = postSolution
		SolutionGuid = {9B77E683-FA24-4363-8009-A79F8B8C79B6}
	EndGlobalSection
EndGlobal
